
Microsoft Visual Studio Solution File, Format Version 12.00
# Visual Studio Version 17
VisualStudioVersion = 17.8.34316.72
MinimumVisualStudioVersion = 10.0.40219.1
Project("{FAE04EC0-301F-11D3-BF4B-00C04F79EFBC}") = "Student Record Management", "Student Record Management.csproj", "{0E23B03D-B6B0-4700-80D1-44F5AB294263}"
EndProject
Global
	GlobalSection(SolutionConfigurationPlatforms) = preSolution
		Debug|Any CPU = Debug|Any CPU
		Release|Any CPU = Release|Any CPU
	EndGlobalSection
	GlobalSection(ProjectConfigurationPlatforms) = postSolution
		{0E23B03D-B6B0-4700-80D1-44F5AB294263}.Debug|Any CPU.ActiveCfg = Debug|Any CPU
		{0E23B03D-B6B0-4700-80D1-44F5AB294263}.Debug|Any CPU.Build.0 = Debug|Any CPU
		{0E23B03D-B6B0-4700-80D1-44F5AB294263}.Release|Any CPU.ActiveCfg = Release|Any CPU
		{0E23B03D-B6B0-4700-80D1-44F5AB294263}.Release|Any CPU.Build.0 = Release|Any CPU
	EndGlobalSection
	GlobalSection(SolutionProperties) = preSolution
		HideSolutionNode = FALSE
	EndGlobalSection
	GlobalSection(ExtensibilityGlobals) = postSolution
		SolutionGuid = {4250B76D-6009-4FE4-8719-382CE76D3AF1}
	EndGlobalSection
EndGlobal
